// !$*UTF8*$!
{
	archiveVersion = 1;
	classes = {
	};
	objectVersion = 46;
	objects = {

/* Begin PBXBuildFile section */
		1536E8769F0D829151B4E911 /* Pods_Remember.framework in Frameworks */ = {isa = PBXBuildFile; fileRef = 30058100827F4F5519A425D4 /* Pods_Remember.framework */; };
		7BF1F0B51D7779FC0099DFA4 /* AppDelegate.swift in Sources */ = {isa = PBXBuildFile; fileRef = 7BF1F0B41D7779FC0099DFA4 /* AppDelegate.swift */; };
		7BF1F0B71D7779FC0099DFA4 /* LoginVC.swift in Sources */ = {isa = PBXBuildFile; fileRef = 7BF1F0B61D7779FC0099DFA4 /* LoginVC.swift */; };
		7BF1F0BA1D7779FC0099DFA4 /* Main.storyboard in Resources */ = {isa = PBXBuildFile; fileRef = 7BF1F0B81D7779FC0099DFA4 /* Main.storyboard */; };
		7BF1F0BC1D7779FC0099DFA4 /* Assets.xcassets in Resources */ = {isa = PBXBuildFile; fileRef = 7BF1F0BB1D7779FC0099DFA4 /* Assets.xcassets */; };
		7BF1F0BF1D7779FC0099DFA4 /* LaunchScreen.storyboard in Resources */ = {isa = PBXBuildFile; fileRef = 7BF1F0BD1D7779FC0099DFA4 /* LaunchScreen.storyboard */; };
/* End PBXBuildFile section */

/* Begin PBXFileReference section */
		30058100827F4F5519A425D4 /* Pods_Remember.framework */ = {isa = PBXFileReference; explicitFileType = wrapper.framework; includeInIndex = 0; path = Pods_Remember.framework; sourceTree = BUILT_PRODUCTS_DIR; };
		71090CEAFF9F7381C8F25DED /* Pods-Remember.release.xcconfig */ = {isa = PBXFileReference; includeInIndex = 1; lastKnownFileType = text.xcconfig; name = "Pods-Remember.release.xcconfig"; path = "Pods/Target Support Files/Pods-Remember/Pods-Remember.release.xcconfig"; sourceTree = "<group>"; };
		7B1D99611D78909000A14DC4 /* Remember-Bridging-Header.h */ = {isa = PBXFileReference; lastKnownFileType = sourcecode.c.h; path = "Remember-Bridging-Header.h"; sourceTree = "<group>"; };
		7BF1F0B11D7779FC0099DFA4 /* Remember.app */ = {isa = PBXFileReference; explicitFileType = wrapper.application; includeInIndex = 0; path = Remember.app; sourceTree = BUILT_PRODUCTS_DIR; };
		7BF1F0B41D7779FC0099DFA4 /* AppDelegate.swift */ = {isa = PBXFileReference; lastKnownFileType = sourcecode.swift; path = AppDelegate.swift; sourceTree = "<group>"; };
		7BF1F0B61D7779FC0099DFA4 /* LoginVC.swift */ = {isa = PBXFileReference; lastKnownFileType = sourcecode.swift; path = LoginVC.swift; sourceTree = "<group>"; };
		7BF1F0B91D7779FC0099DFA4 /* Base */ = {isa = PBXFileReference; lastKnownFileType = file.storyboard; name = Base; path = Base.lproj/Main.storyboard; sourceTree = "<group>"; };
		7BF1F0BB1D7779FC0099DFA4 /* Assets.xcassets */ = {isa = PBXFileReference; lastKnownFileType = folder.assetcatalog; path = Assets.xcassets; sourceTree = "<group>"; };
		7BF1F0BE1D7779FC0099DFA4 /* Base */ = {isa = PBXFileReference; lastKnownFileType = file.storyboard; name = Base; path = Base.lproj/LaunchScreen.storyboard; sourceTree = "<group>"; };
		7BF1F0C01D7779FC0099DFA4 /* Info.plist */ = {isa = PBXFileReference; lastKnownFileType = text.plist.xml; path = Info.plist; sourceTree = "<group>"; };
		8CC728FCC780ABCF2CC8A32C /* Pods-Remember.debug.xcconfig */ = {isa = PBXFileReference; includeInIndex = 1; lastKnownFileType = text.xcconfig; name = "Pods-Remember.debug.xcconfig"; path = "Pods/Target Support Files/Pods-Remember/Pods-Remember.debug.xcconfig"; sourceTree = "<group>"; };
/* End PBXFileReference section */

/* Begin PBXFrameworksBuildPhase section */
		7BF1F0AE1D7779FC0099DFA4 /* Frameworks */ = {
			isa = PBXFrameworksBuildPhase;
			buildActionMask = 2147483647;
			files = (
				1536E8769F0D829151B4E911 /* Pods_Remember.framework in Frameworks */,
			);
			runOnlyForDeploymentPostprocessing = 0;
		};
/* End PBXFrameworksBuildPhase section */

/* Begin PBXGroup section */
		7B7D581E1D78A1DA008FCA3F /* View */ = {
			isa = PBXGroup;
			children = (
			);
			name = View;
			sourceTree = "<group>";
		};
		7B7D581F1D78A1E2008FCA3F /* Controller */ = {
			isa = PBXGroup;
			children = (
				7BF1F0B61D7779FC0099DFA4 /* LoginVC.swift */,
			);
			name = Controller;
			sourceTree = "<group>";
		};
		7B7D58201D78A1EF008FCA3F /* Model */ = {
			isa = PBXGroup;
			children = (
			);
			name = Model;
			sourceTree = "<group>";
		};
		7BF1F0A81D7779FC0099DFA4 = {
			isa = PBXGroup;
			children = (
				7BF1F0B31D7779FC0099DFA4 /* Remember */,
				7BF1F0B21D7779FC0099DFA4 /* Products */,
				C33E20A4764E0F90DE139787 /* Pods */,
				818FFA63943999E7BC4608E7 /* Frameworks */,
			);
			sourceTree = "<group>";
		};
		7BF1F0B21D7779FC0099DFA4 /* Products */ = {
			isa = PBXGroup;
			children = (
				7BF1F0B11D7779FC0099DFA4 /* Remember.app */,
			);
			name = Products;
			sourceTree = "<group>";
		};
		7BF1F0B31D7779FC0099DFA4 /* Remember */ = {
			isa = PBXGroup;
			children = (
				7B7D58201D78A1EF008FCA3F /* Model */,
				7B7D581F1D78A1E2008FCA3F /* Controller */,
				7B7D581E1D78A1DA008FCA3F /* View */,
				7BF1F0B41D7779FC0099DFA4 /* AppDelegate.swift */,
				7BF1F0B81D7779FC0099DFA4 /* Main.storyboard */,
				7BF1F0BB1D7779FC0099DFA4 /* Assets.xcassets */,
				7BF1F0BD1D7779FC0099DFA4 /* LaunchScreen.storyboard */,
				7BF1F0C01D7779FC0099DFA4 /* Info.plist */,
				7B1D99611D78909000A14DC4 /* Remember-Bridging-Header.h */,
			);
			path = Remember;
			sourceTree = "<group>";
		};
		818FFA63943999E7BC4608E7 /* Frameworks */ = {
			isa = PBXGroup;
			children = (
				30058100827F4F5519A425D4 /* Pods_Remember.framework */,
			);
			name = Frameworks;
			sourceTree = "<group>";
		};
		C33E20A4764E0F90DE139787 /* Pods */ = {
			isa = PBXGroup;
			children = (
				8CC728FCC780ABCF2CC8A32C /* Pods-Remember.debug.xcconfig */,
				71090CEAFF9F7381C8F25DED /* Pods-Remember.release.xcconfig */,
			);
			name = Pods;
			sourceTree = "<group>";
		};
/* End PBXGroup section */

/* Begin PBXNativeTarget section */
		7BF1F0B01D7779FC0099DFA4 /* Remember */ = {
			isa = PBXNativeTarget;
			buildConfigurationList = 7BF1F0C31D7779FC0099DFA4 /* Build configuration list for PBXNativeTarget "Remember" */;
			buildPhases = (
				43AFCE3C2626C7C70B0DA9B2 /* [CP] Check Pods Manifest.lock */,
				7BF1F0AD1D7779FC0099DFA4 /* Sources */,
				7BF1F0AE1D7779FC0099DFA4 /* Frameworks */,
				7BF1F0AF1D7779FC0099DFA4 /* Resources */,
				866C2685154E97145B0858EE /* [CP] Embed Pods Frameworks */,
				37BD474399F8716F450B5984 /* [CP] Copy Pods Resources */,
			);
			buildRules = (
			);
			dependencies = (
			);
			name = Remember;
			productName = Remember;
			productReference = 7BF1F0B11D7779FC0099DFA4 /* Remember.app */;
			productType = "com.apple.product-type.application";
		};
/* End PBXNativeTarget section */

/* Begin PBXProject section */
		7BF1F0A91D7779FC0099DFA4 /* Project object */ = {
			isa = PBXProject;
			attributes = {
				LastSwiftUpdateCheck = 0730;
				LastUpgradeCheck = 0730;
				ORGANIZATIONNAME = "Dan Lindsay";
				TargetAttributes = {
					7BF1F0B01D7779FC0099DFA4 = {
						CreatedOnToolsVersion = 7.3.1;
						DevelopmentTeam = 999T2QHS45;
					};
				};
			};
			buildConfigurationList = 7BF1F0AC1D7779FC0099DFA4 /* Build configuration list for PBXProject "Remember" */;
			compatibilityVersion = "Xcode 3.2";
			developmentRegion = English;
			hasScannedForEncodings = 0;
			knownRegions = (
				en,
				Base,
			);
			mainGroup = 7BF1F0A81D7779FC0099DFA4;
			productRefGroup = 7BF1F0B21D7779FC0099DFA4 /* Products */;
			projectDirPath = "";
			projectRoot = "";
			targets = (
				7BF1F0B01D7779FC0099DFA4 /* Remember */,
			);
		};
/* End PBXProject section */

/* Begin PBXResourcesBuildPhase section */
		7BF1F0AF1D7779FC0099DFA4 /* Resources */ = {
			isa = PBXResourcesBuildPhase;
			buildActionMask = 2147483647;
			files = (
				7BF1F0BF1D7779FC0099DFA4 /* LaunchScreen.storyboard in Resources */,
				7BF1F0BC1D7779FC0099DFA4 /* Assets.xcassets in Resources */,
				7BF1F0BA1D7779FC0099DFA4 /* Main.storyboard in Resources */,
			);
			runOnlyForDeploymentPostprocessing = 0;
		};
/* End PBXResourcesBuildPhase section */

/* Begin PBXShellScriptBuildPhase section */
		37BD474399F8716F450B5984 /* [CP] Copy Pods Resources */ = {
			isa = PBXShellScriptBuildPhase;
			buildActionMask = 2147483647;
			files = (
			);
			inputPaths = (
			);
			name = "[CP] Copy Pods Resources";
			outputPaths = (
			);
			runOnlyForDeploymentPostprocessing = 0;
			shellPath = /bin/sh;
			shellScript = "\"${SRCROOT}/Pods/Target Support Files/Pods-Remember/Pods-Remember-resources.sh\"\n";
			showEnvVarsInLog = 0;
		};
		43AFCE3C2626C7C70B0DA9B2 /* [CP] Check Pods Manifest.lock */ = {
			isa = PBXShellScriptBuildPhase;
			buildActionMask = 2147483647;
			files = (
			);
			inputPaths = (
			);
			name = "[CP] Check Pods Manifest.lock";
			outputPaths = (
			);
			runOnlyForDeploymentPostprocessing = 0;
			shellPath = /bin/sh;
			shellScript = "diff \"${PODS_ROOT}/../Podfile.lock\" \"${PODS_ROOT}/Manifest.lock\" > /dev/null\nif [ $? != 0 ] ; then\n    # print error to STDERR\n    echo \"error: The sandbox is not in sync with the Podfile.lock. Run 'pod install' or update your CocoaPods installation.\" >&2\n    exit 1\nfi\n";
			showEnvVarsInLog = 0;
		};
		866C2685154E97145B0858EE /* [CP] Embed Pods Frameworks */ = {
			isa = PBXShellScriptBuildPhase;
			buildActionMask = 2147483647;
			files = (
			);
			inputPaths = (
			);
			name = "[CP] Embed Pods Frameworks";
			outputPaths = (
			);
			runOnlyForDeploymentPostprocessing = 0;
			shellPath = /bin/sh;
			shellScript = "\"${SRCROOT}/Pods/Target Support Files/Pods-Remember/Pods-Remember-frameworks.sh\"\n";
			showEnvVarsInLog = 0;
		};
/* End PBXShellScriptBuildPhase section */

/* Begin PBXSourcesBuildPhase section */
		7BF1F0AD1D7779FC0099DFA4 /* Sources */ = {
			isa = PBXSourcesBuildPhase;
			buildActionMask = 2147483647;
			files = (
				7BF1F0B71D7779FC0099DFA4 /* LoginVC.swift in Sources */,
				7BF1F0B51D7779FC0099DFA4 /* AppDelegate.swift in Sources */,
			);
			runOnlyForDeploymentPostprocessing = 0;
		};
/* End PBXSourcesBuildPhase section */

/* Begin PBXVariantGroup section */
		7BF1F0B81D7779FC0099DFA4 /* Main.storyboard */ = {
			isa = PBXVariantGroup;
			children = (
				7BF1F0B91D7779FC0099DFA4 /* Base */,
			);
			name = Main.storyboard;
			sourceTree = "<group>";
		};
		7BF1F0BD1D7779FC0099DFA4 /* LaunchScreen.storyboard */ = {
			isa = PBXVariantGroup;
			children = (
				7BF1F0BE1D7779FC0099DFA4 /* Base */,
			);
			name = LaunchScreen.storyboard;
			sourceTree = "<group>";
		};
/* End PBXVariantGroup section */

/* Begin XCBuildConfiguration section */
		7BF1F0C11D7779FC0099DFA4 /* Debug */ = {
			isa = XCBuildConfiguration;
			buildSettings = {
				ALWAYS_SEARCH_USER_PATHS = NO;
				CLANG_ANALYZER_NONNULL = YES;
				CLANG_CXX_LANGUAGE_STANDARD = "gnu++0x";
				CLANG_CXX_LIBRARY = "libc++";
				CLANG_ENABLE_MODULES = YES;
				CLANG_ENABLE_OBJC_ARC = YES;
				CLANG_WARN_BOOL_CONVERSION = YES;
				CLANG_WARN_CONSTANT_CONVERSION = YES;
				CLANG_WARN_DIRECT_OBJC_ISA_USAGE = YES_ERROR;
				CLANG_WARN_EMPTY_BODY = YES;
				CLANG_WARN_ENUM_CONVERSION = YES;
				CLANG_WARN_INT_CONVERSION = YES;
				CLANG_WARN_OBJC_ROOT_CLASS = YES_ERROR;
				CLANG_WARN_UNREACHABLE_CODE = YES;
				CLANG_WARN__DUPLICATE_METHOD_MATCH = YES;
				"CODE_SIGN_IDENTITY[sdk=iphoneos*]" = "iPhone Developer";
				COPY_PHASE_STRIP = NO;
				DEBUG_INFORMATION_FORMAT = dwarf;
				ENABLE_STRICT_OBJC_MSGSEND = YES;
				ENABLE_TESTABILITY = YES;
				GCC_C_LANGUAGE_STANDARD = gnu99;
				GCC_DYNAMIC_NO_PIC = NO;
				GCC_NO_COMMON_BLOCKS = YES;
				GCC_OPTIMIZATION_LEVEL = 0;
				GCC_PREPROCESSOR_DEFINITIONS = (
					"DEBUG=1",
					"$(inherited)",
				);
				GCC_WARN_64_TO_32_BIT_CONVERSION = YES;
				GCC_WARN_ABOUT_RETURN_TYPE = YES_ERROR;
				GCC_WARN_UNDECLARED_SELECTOR = YES;
				GCC_WARN_UNINITIALIZED_AUTOS = YES_AGGRESSIVE;
				GCC_WARN_UNUSED_FUNCTION = YES;
				GCC_WARN_UNUSED_VARIABLE = YES;
				IPHONEOS_DEPLOYMENT_TARGET = 9.3;
				MTL_ENABLE_DEBUG_INFO = YES;
				ONLY_ACTIVE_ARCH = YES;
				SDKROOT = iphoneos;
				SWIFT_OPTIMIZATION_LEVEL = "-Onone";
				TARGETED_DEVICE_FAMILY = "1,2";
			};
			name = Debug;
		};
		7BF1F0C21D7779FC0099DFA4 /* Release */ = {
			isa = XCBuildConfiguration;
			buildSettings = {
				ALWAYS_SEARCH_USER_PATHS = NO;
				CLANG_ANALYZER_NONNULL = YES;
				CLANG_CXX_LANGUAGE_STANDARD = "gnu++0x";
				CLANG_CXX_LIBRARY = "libc++";
				CLANG_ENABLE_MODULES = YES;
				CLANG_ENABLE_OBJC_ARC = YES;
				CLANG_WARN_BOOL_CONVERSION = YES;
				CLANG_WARN_CONSTANT_CONVERSION = YES;
				CLANG_WARN_DIRECT_OBJC_ISA_USAGE = YES_ERROR;
				CLANG_WARN_EMPTY_BODY = YES;
				CLANG_WARN_ENUM_CONVERSION = YES;
				CLANG_WARN_INT_CONVERSION = YES;
				CLANG_WARN_OBJC_ROOT_CLASS = YES_ERROR;
				CLANG_WARN_UNREACHABLE_CODE = YES;
				CLANG_WARN__DUPLICATE_METHOD_MATCH = YES;
				"CODE_SIGN_IDENTITY[sdk=iphoneos*]" = "iPhone Developer";
				COPY_PHASE_STRIP = NO;
				DEBUG_INFORMATION_FORMAT = "dwarf-with-dsym";
				ENABLE_NS_ASSERTIONS = NO;
				ENABLE_STRICT_OBJC_MSGSEND = YES;
				GCC_C_LANGUAGE_STANDARD = gnu99;
				GCC_NO_COMMON_BLOCKS = YES;
				GCC_WARN_64_TO_32_BIT_CONVERSION = YES;
				GCC_WARN_ABOUT_RETURN_TYPE = YES_ERROR;
				GCC_WARN_UNDECLARED_SELECTOR = YES;
				GCC_WARN_UNINITIALIZED_AUTOS = YES_AGGRESSIVE;
				GCC_WARN_UNUSED_FUNCTION = YES;
				GCC_WARN_UNUSED_VARIABLE = YES;
				IPHONEOS_DEPLOYMENT_TARGET = 9.3;
				MTL_ENABLE_DEBUG_INFO = NO;
				SDKROOT = iphoneos;
				TARGETED_DEVICE_FAMILY = "1,2";
				VALIDATE_PRODUCT = YES;
			};
			name = Release;
		};
		7BF1F0C41D7779FC0099DFA4 /* Debug */ = {
			isa = XCBuildConfiguration;
			baseConfigurationReference = 8CC728FCC780ABCF2CC8A32C /* Pods-Remember.debug.xcconfig */;
			buildSettings = {
				ASSETCATALOG_COMPILER_APPICON_NAME = AppIcon;
				CLANG_ENABLE_MODULES = YES;
				CODE_SIGN_IDENTITY = "iPhone Developer";
				INFOPLIST_FILE = Remember/Info.plist;
				LD_RUNPATH_SEARCH_PATHS = "$(inherited) @executable_path/Frameworks";
				PRODUCT_BUNDLE_IDENTIFIER = com.omnificCondition.Remember;
				PRODUCT_NAME = "$(TARGET_NAME)";
				SWIFT_OBJC_BRIDGING_HEADER = "Remember/Remember-Bridging-Header.h";
				SWIFT_OPTIMIZATION_LEVEL = "-Onone";
			};
			name = Debug;
		};
		7BF1F0C51D7779FC0099DFA4 /* Release */ = {
			isa = XCBuildConfiguration;
			baseConfigurationReference = 71090CEAFF9F7381C8F25DED /* Pods-Remember.release.xcconfig */;
			buildSettings = {
				ASSETCATALOG_COMPILER_APPICON_NAME = AppIcon;
				CLANG_ENABLE_MODULES = YES;
				CODE_SIGN_IDENTITY = "iPhone Developer";
				INFOPLIST_FILE = Remember/Info.plist;
				LD_RUNPATH_SEARCH_PATHS = "$(inherited) @executable_path/Frameworks";
				PRODUCT_BUNDLE_IDENTIFIER = com.omnificCondition.Remember;
				PRODUCT_NAME = "$(TARGET_NAME)";
				SWIFT_OBJC_BRIDGING_HEADER = "Remember/Remember-Bridging-Header.h";
			};
			name = Release;
		};
/* End XCBuildConfiguration section */

/* Begin XCConfigurationList section */
		7BF1F0AC1D7779FC0099DFA4 /* Build configuration list for PBXProject "Remember" */ = {
			isa = XCConfigurationList;
			buildConfigurations = (
				7BF1F0C11D7779FC0099DFA4 /* Debug */,
				7BF1F0C21D7779FC0099DFA4 /* Release */,
			);
			defaultConfigurationIsVisible = 0;
			defaultConfigurationName = Release;
		};
		7BF1F0C31D7779FC0099DFA4 /* Build configuration list for PBXNativeTarget "Remember" */ = {
			isa = XCConfigurationList;
			buildConfigurations = (
				7BF1F0C41D7779FC0099DFA4 /* Debug */,
				7BF1F0C51D7779FC0099DFA4 /* Release */,
			);
			defaultConfigurationIsVisible = 0;
			defaultConfigurationName = Release;
		};
/* End XCConfigurationList section */
	};
	rootObject = 7BF1F0A91D7779FC0099DFA4 /* Project object */;
}
